
Microsoft Visual Studio Solution File, Format Version 12.00
# Visual Studio Version 17
VisualStudioVersion = 17.10.35013.160
MinimumVisualStudioVersion = 10.0.40219.1
Project("{9A19103F-16F7-4668-BE54-9A1E7A4F7556}") = "TuAppMAUI", "TuAppMAUI\TuAppMAUI.csproj", "{01C50DF6-2599-44DD-BBB3-B93EBA727CC6}"
EndProject
Global
	GlobalSection(SolutionConfigurationPlatforms) = preSolution
		Debug|Any CPU = Debug|Any CPU
		Release|Any CPU = Release|Any CPU
	EndGlobalSection
	GlobalSection(ProjectConfigurationPlatforms) = postSolution
		{01C50DF6-2599-44DD-BBB3-B93EBA727CC6}.Debug|Any CPU.ActiveCfg = Debug|Any CPU
		{01C50DF6-2599-44DD-BBB3-B93EBA727CC6}.Debug|Any CPU.Build.0 = Debug|Any CPU
		{01C50DF6-2599-44DD-BBB3-B93EBA727CC6}.Debug|Any CPU.Deploy.0 = Debug|Any CPU
		{01C50DF6-2599-44DD-BBB3-B93EBA727CC6}.Release|Any CPU.ActiveCfg = Release|Any CPU
		{01C50DF6-2599-44DD-BBB3-B93EBA727CC6}.Release|Any CPU.Build.0 = Release|Any CPU
		{01C50DF6-2599-44DD-BBB3-B93EBA727CC6}.Release|Any CPU.Deploy.0 = Release|Any CPU
	EndGlobalSection
	GlobalSection(SolutionProperties) = preSolution
		HideSolutionNode = FALSE
	EndGlobalSection
	GlobalSection(ExtensibilityGlobals) = postSolution
		SolutionGuid = {A5C38188-40B3-4660-85BF-395656560FB3}
	EndGlobalSection
EndGlobal
